
Microsoft Visual Studio Solution File, Format Version 12.00
# Visual Studio Version 16
VisualStudioVersion = 16.0.31624.102
MinimumVisualStudioVersion = 10.0.40219.1
Project("{FAE04EC0-301F-11D3-BF4B-00C04F79EFBC}") = "NumbersFrom1ToNDivisibleBy3And7", "NumbersFrom1ToNDivisibleBy3And7\NumbersFrom1ToNDivisibleBy3And7.csproj", "{FF63B61B-36BD-4A61-8004-ADF64076BCA5}"
EndProject
Global
	GlobalSection(SolutionConfigurationPlatforms) = preSolution
		Debug|Any CPU = Debug|Any CPU
		Release|Any CPU = Release|Any CPU
	EndGlobalSection
	GlobalSection(ProjectConfigurationPlatforms) = postSolution
		{FF63B61B-36BD-4A61-8004-ADF64076BCA5}.Debug|Any CPU.ActiveCfg = Debug|Any CPU
		{FF63B61B-36BD-4A61-8004-ADF64076BCA5}.Debug|Any CPU.Build.0 = Debug|Any CPU
		{FF63B61B-36BD-4A61-8004-ADF64076BCA5}.Release|Any CPU.ActiveCfg = Release|Any CPU
		{FF63B61B-36BD-4A61-8004-ADF64076BCA5}.Release|Any CPU.Build.0 = Release|Any CPU
	EndGlobalSection
	GlobalSection(SolutionProperties) = preSolution
		HideSolutionNode = FALSE
	EndGlobalSection
	GlobalSection(ExtensibilityGlobals) = postSolution
		SolutionGuid = {7880EAD1-3EFB-4695-9B12-87CA2DEFCB28}
	EndGlobalSection
EndGlobal
