
Microsoft Visual Studio Solution File, Format Version 12.00
# Visual Studio Version 16
VisualStudioVersion = 16.0.31624.102
MinimumVisualStudioVersion = 10.0.40219.1
Project("{FAE04EC0-301F-11D3-BF4B-00C04F79EFBC}") = "ArrayOf10ElementsMultipliedBy5", "ArrayOf10ElementsMultipliedBy5\ArrayOf10ElementsMultipliedBy5.csproj", "{2A9E642E-71F8-43C7-B23A-022EFB6A1C33}"
EndProject
Global
	GlobalSection(SolutionConfigurationPlatforms) = preSolution
		Debug|Any CPU = Debug|Any CPU
		Release|Any CPU = Release|Any CPU
	EndGlobalSection
	GlobalSection(ProjectConfigurationPlatforms) = postSolution
		{2A9E642E-71F8-43C7-B23A-022EFB6A1C33}.Debug|Any CPU.ActiveCfg = Debug|Any CPU
		{2A9E642E-71F8-43C7-B23A-022EFB6A1C33}.Debug|Any CPU.Build.0 = Debug|Any CPU
		{2A9E642E-71F8-43C7-B23A-022EFB6A1C33}.Release|Any CPU.ActiveCfg = Release|Any CPU
		{2A9E642E-71F8-43C7-B23A-022EFB6A1C33}.Release|Any CPU.Build.0 = Release|Any CPU
	EndGlobalSection
	GlobalSection(SolutionProperties) = preSolution
		HideSolutionNode = FALSE
	EndGlobalSection
	GlobalSection(ExtensibilityGlobals) = postSolution
		SolutionGuid = {2E766BBB-6117-499C-9D25-231FC27AD2D8}
	EndGlobalSection
EndGlobal
