
Microsoft Visual Studio Solution File, Format Version 12.00
# Visual Studio Version 16
VisualStudioVersion = 16.0.31624.102
MinimumVisualStudioVersion = 10.0.40219.1
Project("{FAE04EC0-301F-11D3-BF4B-00C04F79EFBC}") = "N0To9", "N0To9\N0To9.csproj", "{C802BFD0-8CC0-4ED2-B8F9-8ABDD4311FF8}"
EndProject
Global
	GlobalSection(SolutionConfigurationPlatforms) = preSolution
		Debug|Any CPU = Debug|Any CPU
		Release|Any CPU = Release|Any CPU
	EndGlobalSection
	GlobalSection(ProjectConfigurationPlatforms) = postSolution
		{C802BFD0-8CC0-4ED2-B8F9-8ABDD4311FF8}.Debug|Any CPU.ActiveCfg = Debug|Any CPU
		{C802BFD0-8CC0-4ED2-B8F9-8ABDD4311FF8}.Debug|Any CPU.Build.0 = Debug|Any CPU
		{C802BFD0-8CC0-4ED2-B8F9-8ABDD4311FF8}.Release|Any CPU.ActiveCfg = Release|Any CPU
		{C802BFD0-8CC0-4ED2-B8F9-8ABDD4311FF8}.Release|Any CPU.Build.0 = Release|Any CPU
	EndGlobalSection
	GlobalSection(SolutionProperties) = preSolution
		HideSolutionNode = FALSE
	EndGlobalSection
	GlobalSection(ExtensibilityGlobals) = postSolution
		SolutionGuid = {3C8FC16A-723A-4EEF-864A-C3951E0BAE63}
	EndGlobalSection
EndGlobal
