
Microsoft Visual Studio Solution File, Format Version 12.00
# Visual Studio Version 16
VisualStudioVersion = 16.0.31624.102
MinimumVisualStudioVersion = 10.0.40219.1
Project("{FAE04EC0-301F-11D3-BF4B-00C04F79EFBC}") = "StudentsArrayTypePublicStruct", "StudentsArrayTypePublicStruct\StudentsArrayTypePublicStruct.csproj", "{C701FC17-7342-42A5-9B60-E067214A4629}"
EndProject
Global
	GlobalSection(SolutionConfigurationPlatforms) = preSolution
		Debug|Any CPU = Debug|Any CPU
		Release|Any CPU = Release|Any CPU
	EndGlobalSection
	GlobalSection(ProjectConfigurationPlatforms) = postSolution
		{C701FC17-7342-42A5-9B60-E067214A4629}.Debug|Any CPU.ActiveCfg = Debug|Any CPU
		{C701FC17-7342-42A5-9B60-E067214A4629}.Debug|Any CPU.Build.0 = Debug|Any CPU
		{C701FC17-7342-42A5-9B60-E067214A4629}.Release|Any CPU.ActiveCfg = Release|Any CPU
		{C701FC17-7342-42A5-9B60-E067214A4629}.Release|Any CPU.Build.0 = Release|Any CPU
	EndGlobalSection
	GlobalSection(SolutionProperties) = preSolution
		HideSolutionNode = FALSE
	EndGlobalSection
	GlobalSection(ExtensibilityGlobals) = postSolution
		SolutionGuid = {04738876-E27F-4853-9739-D89D6D1C7972}
	EndGlobalSection
EndGlobal
