
Microsoft Visual Studio Solution File, Format Version 12.00
# Visual Studio Version 16
VisualStudioVersion = 16.0.31624.102
MinimumVisualStudioVersion = 10.0.40219.1
Project("{FAE04EC0-301F-11D3-BF4B-00C04F79EFBC}") = "LargestNumberV2", "LargestNumberV2\LargestNumberV2.csproj", "{9030F311-F60F-4C1B-ADB4-5D59072C9829}"
EndProject
Global
	GlobalSection(SolutionConfigurationPlatforms) = preSolution
		Debug|Any CPU = Debug|Any CPU
		Release|Any CPU = Release|Any CPU
	EndGlobalSection
	GlobalSection(ProjectConfigurationPlatforms) = postSolution
		{9030F311-F60F-4C1B-ADB4-5D59072C9829}.Debug|Any CPU.ActiveCfg = Debug|Any CPU
		{9030F311-F60F-4C1B-ADB4-5D59072C9829}.Debug|Any CPU.Build.0 = Debug|Any CPU
		{9030F311-F60F-4C1B-ADB4-5D59072C9829}.Release|Any CPU.ActiveCfg = Release|Any CPU
		{9030F311-F60F-4C1B-ADB4-5D59072C9829}.Release|Any CPU.Build.0 = Release|Any CPU
	EndGlobalSection
	GlobalSection(SolutionProperties) = preSolution
		HideSolutionNode = FALSE
	EndGlobalSection
	GlobalSection(ExtensibilityGlobals) = postSolution
		SolutionGuid = {5B3C9834-6E80-42E4-9762-43C3E3B28A15}
	EndGlobalSection
EndGlobal
