
Microsoft Visual Studio Solution File, Format Version 12.00
# Visual Studio Version 16
VisualStudioVersion = 16.0.31624.102
MinimumVisualStudioVersion = 10.0.40219.1
Project("{FAE04EC0-301F-11D3-BF4B-00C04F79EFBC}") = "SimpleNumber", "SimpleNumber\SimpleNumber.csproj", "{FA8E0A03-34E6-47ED-B71D-7E877F077A42}"
EndProject
Global
	GlobalSection(SolutionConfigurationPlatforms) = preSolution
		Debug|Any CPU = Debug|Any CPU
		Release|Any CPU = Release|Any CPU
	EndGlobalSection
	GlobalSection(ProjectConfigurationPlatforms) = postSolution
		{FA8E0A03-34E6-47ED-B71D-7E877F077A42}.Debug|Any CPU.ActiveCfg = Debug|Any CPU
		{FA8E0A03-34E6-47ED-B71D-7E877F077A42}.Debug|Any CPU.Build.0 = Debug|Any CPU
		{FA8E0A03-34E6-47ED-B71D-7E877F077A42}.Release|Any CPU.ActiveCfg = Release|Any CPU
		{FA8E0A03-34E6-47ED-B71D-7E877F077A42}.Release|Any CPU.Build.0 = Release|Any CPU
	EndGlobalSection
	GlobalSection(SolutionProperties) = preSolution
		HideSolutionNode = FALSE
	EndGlobalSection
	GlobalSection(ExtensibilityGlobals) = postSolution
		SolutionGuid = {E6E46E82-58ED-4E4D-90CA-B906A660B337}
	EndGlobalSection
EndGlobal
