
Microsoft Visual Studio Solution File, Format Version 12.00
# Visual Studio Version 16
VisualStudioVersion = 16.0.31624.102
MinimumVisualStudioVersion = 10.0.40219.1
Project("{FAE04EC0-301F-11D3-BF4B-00C04F79EFBC}") = "SumOfNumbersFrom1To50DivisibleBy3And4", "SumOfNumbersFrom1To50DivisibleBy3And4\SumOfNumbersFrom1To50DivisibleBy3And4.csproj", "{DA61E8E2-E1E7-4066-9881-18489A21B29B}"
EndProject
Global
	GlobalSection(SolutionConfigurationPlatforms) = preSolution
		Debug|Any CPU = Debug|Any CPU
		Release|Any CPU = Release|Any CPU
	EndGlobalSection
	GlobalSection(ProjectConfigurationPlatforms) = postSolution
		{DA61E8E2-E1E7-4066-9881-18489A21B29B}.Debug|Any CPU.ActiveCfg = Debug|Any CPU
		{DA61E8E2-E1E7-4066-9881-18489A21B29B}.Debug|Any CPU.Build.0 = Debug|Any CPU
		{DA61E8E2-E1E7-4066-9881-18489A21B29B}.Release|Any CPU.ActiveCfg = Release|Any CPU
		{DA61E8E2-E1E7-4066-9881-18489A21B29B}.Release|Any CPU.Build.0 = Release|Any CPU
	EndGlobalSection
	GlobalSection(SolutionProperties) = preSolution
		HideSolutionNode = FALSE
	EndGlobalSection
	GlobalSection(ExtensibilityGlobals) = postSolution
		SolutionGuid = {FFD69795-199B-43DA-964B-03EA67E2D189}
	EndGlobalSection
EndGlobal
