
Microsoft Visual Studio Solution File, Format Version 12.00
# Visual Studio Version 16
VisualStudioVersion = 16.0.31624.102
MinimumVisualStudioVersion = 10.0.40219.1
Project("{FAE04EC0-301F-11D3-BF4B-00C04F79EFBC}") = "PayrollTaxMethods", "PayrollTaxMethods\PayrollTaxMethods.csproj", "{7CC9D6CB-6AF9-4D77-9B24-BCF28564BE57}"
EndProject
Global
	GlobalSection(SolutionConfigurationPlatforms) = preSolution
		Debug|Any CPU = Debug|Any CPU
		Release|Any CPU = Release|Any CPU
	EndGlobalSection
	GlobalSection(ProjectConfigurationPlatforms) = postSolution
		{7CC9D6CB-6AF9-4D77-9B24-BCF28564BE57}.Debug|Any CPU.ActiveCfg = Debug|Any CPU
		{7CC9D6CB-6AF9-4D77-9B24-BCF28564BE57}.Debug|Any CPU.Build.0 = Debug|Any CPU
		{7CC9D6CB-6AF9-4D77-9B24-BCF28564BE57}.Release|Any CPU.ActiveCfg = Release|Any CPU
		{7CC9D6CB-6AF9-4D77-9B24-BCF28564BE57}.Release|Any CPU.Build.0 = Release|Any CPU
	EndGlobalSection
	GlobalSection(SolutionProperties) = preSolution
		HideSolutionNode = FALSE
	EndGlobalSection
	GlobalSection(ExtensibilityGlobals) = postSolution
		SolutionGuid = {3F8C32CB-0786-41BC-BAD8-FA2746BC29CF}
	EndGlobalSection
EndGlobal
